
Microsoft Visual Studio Solution File, Format Version 12.00
Project("{2150E333-8FDC-42A3-9474-1A3956D46DE8}") = "Solution Items", "Solution Items", "{541A9541-B105-4C41-B8AE-5C5DCC35E12F}"
	ProjectSection(SolutionItems) = preProject
		Directory.Build.props = Directory.Build.props
	EndProjectSection
EndProject
Project("{2150E333-8FDC-42A3-9474-1A3956D46DE8}") = "src", "src", "{0508B992-D617-411B-A9F0-936D6F4E999A}"
EndProject
Project("{2150E333-8FDC-42A3-9474-1A3956D46DE8}") = "Tests", "Tests", "{07957A7C-A3DE-41D2-B159-9409FCE37C65}"
EndProject
Project("{FAE04EC0-301F-11D3-BF4B-00C04F79EFBC}") = "One.ElfCalories.Tests.Unit", "Tests\One.ElfCalories.Tests.Unit\One.ElfCalories.Tests.Unit.csproj", "{79DD9EE0-DD0C-4BDE-8FDB-A75364706628}"
EndProject
Project("{FAE04EC0-301F-11D3-BF4B-00C04F79EFBC}") = "One.ElfCalories", "src\One.ElfCalories\One.ElfCalories.csproj", "{094BCE27-B7BF-4CCF-8796-E0FDD6383650}"
EndProject
Project("{FAE04EC0-301F-11D3-BF4B-00C04F79EFBC}") = "Two.RockPaperScissors.Tests.Unit", "Tests\Two.RockPaperScissors.Tests.Unit\Two.RockPaperScissors.Tests.Unit.csproj", "{C399FC37-65C6-4803-869D-984F6AA000B1}"
EndProject
Project("{FAE04EC0-301F-11D3-BF4B-00C04F79EFBC}") = "Domain", "src\Domain\Domain.csproj", "{DB55396B-D48C-4044-8A10-839B07E262F5}"
EndProject
Project("{FAE04EC0-301F-11D3-BF4B-00C04F79EFBC}") = "Two.RockPaperScissors", "src\Two.RockPaperScissors\Two.RockPaperScissors.csproj", "{2D2A93B8-9E58-4043-AB31-5CE2F31B6472}"
EndProject
Project("{FAE04EC0-301F-11D3-BF4B-00C04F79EFBC}") = "Template", "src\Template\Template.csproj", "{193FFB12-76B1-49F9-9720-B365099364F0}"
EndProject
Project("{FAE04EC0-301F-11D3-BF4B-00C04F79EFBC}") = "Three.Rucksack", "src\Three.Rucksack\Three.Rucksack.csproj", "{1F2E48A1-BE5E-4D4C-8AF6-96C75538A468}"
EndProject
Project("{FAE04EC0-301F-11D3-BF4B-00C04F79EFBC}") = "Template.Tests.Unit", "Tests\Template.Test\Template.Tests.Unit.csproj", "{22BCAB79-DD0C-4F1D-BB72-267AC0285DBD}"
EndProject
Project("{2150E333-8FDC-42A3-9474-1A3956D46DE8}") = "Template", "Template", "{95B6022A-9087-4839-8BD4-72D1B3299D75}"
EndProject
Project("{2150E333-8FDC-42A3-9474-1A3956D46DE8}") = "Template", "Template", "{DB251ACD-EE8B-43FE-AA1B-7E6A7CE9F994}"
EndProject
Project("{FAE04EC0-301F-11D3-BF4B-00C04F79EFBC}") = "Tree.Rucksack.Tests.Unit", "Tests\Three.Unknown.Tests.Unit\Tree.Rucksack.Tests.Unit.csproj", "{1EAD8BA8-7530-4BFA-A645-EFEA13EEAEDD}"
EndProject
Project("{FAE04EC0-301F-11D3-BF4B-00C04F79EFBC}") = "Four.Unknown.Tests.Unit", "Tests\Four.Unknow.Test\Four.Unknown.Tests.Unit.csproj", "{41B9A3A4-C39B-4F53-91A3-22344A386532}"
EndProject
Project("{FAE04EC0-301F-11D3-BF4B-00C04F79EFBC}") = "Four.Unknown", "src\Four.Unknown\Four.Unknown.csproj", "{1EC1D8B2-A204-475E-B73F-9646283140C4}"
EndProject
Global
	GlobalSection(SolutionConfigurationPlatforms) = preSolution
		Debug|Any CPU = Debug|Any CPU
		Release|Any CPU = Release|Any CPU
	EndGlobalSection
	GlobalSection(NestedProjects) = preSolution
		{79DD9EE0-DD0C-4BDE-8FDB-A75364706628} = {07957A7C-A3DE-41D2-B159-9409FCE37C65}
		{C399FC37-65C6-4803-869D-984F6AA000B1} = {07957A7C-A3DE-41D2-B159-9409FCE37C65}
		{DB55396B-D48C-4044-8A10-839B07E262F5} = {0508B992-D617-411B-A9F0-936D6F4E999A}
		{95B6022A-9087-4839-8BD4-72D1B3299D75} = {07957A7C-A3DE-41D2-B159-9409FCE37C65}
		{22BCAB79-DD0C-4F1D-BB72-267AC0285DBD} = {95B6022A-9087-4839-8BD4-72D1B3299D75}
		{DB251ACD-EE8B-43FE-AA1B-7E6A7CE9F994} = {0508B992-D617-411B-A9F0-936D6F4E999A}
		{193FFB12-76B1-49F9-9720-B365099364F0} = {DB251ACD-EE8B-43FE-AA1B-7E6A7CE9F994}
		{094BCE27-B7BF-4CCF-8796-E0FDD6383650} = {0508B992-D617-411B-A9F0-936D6F4E999A}
		{1F2E48A1-BE5E-4D4C-8AF6-96C75538A468} = {0508B992-D617-411B-A9F0-936D6F4E999A}
		{2D2A93B8-9E58-4043-AB31-5CE2F31B6472} = {0508B992-D617-411B-A9F0-936D6F4E999A}
		{1EAD8BA8-7530-4BFA-A645-EFEA13EEAEDD} = {07957A7C-A3DE-41D2-B159-9409FCE37C65}
		{41B9A3A4-C39B-4F53-91A3-22344A386532} = {07957A7C-A3DE-41D2-B159-9409FCE37C65}
		{1EC1D8B2-A204-475E-B73F-9646283140C4} = {0508B992-D617-411B-A9F0-936D6F4E999A}
	EndGlobalSection
	GlobalSection(ProjectConfigurationPlatforms) = postSolution
		{79DD9EE0-DD0C-4BDE-8FDB-A75364706628}.Debug|Any CPU.ActiveCfg = Debug|Any CPU
		{79DD9EE0-DD0C-4BDE-8FDB-A75364706628}.Debug|Any CPU.Build.0 = Debug|Any CPU
		{79DD9EE0-DD0C-4BDE-8FDB-A75364706628}.Release|Any CPU.ActiveCfg = Release|Any CPU
		{79DD9EE0-DD0C-4BDE-8FDB-A75364706628}.Release|Any CPU.Build.0 = Release|Any CPU
		{094BCE27-B7BF-4CCF-8796-E0FDD6383650}.Debug|Any CPU.ActiveCfg = Debug|Any CPU
		{094BCE27-B7BF-4CCF-8796-E0FDD6383650}.Debug|Any CPU.Build.0 = Debug|Any CPU
		{094BCE27-B7BF-4CCF-8796-E0FDD6383650}.Release|Any CPU.ActiveCfg = Release|Any CPU
		{094BCE27-B7BF-4CCF-8796-E0FDD6383650}.Release|Any CPU.Build.0 = Release|Any CPU
		{C399FC37-65C6-4803-869D-984F6AA000B1}.Debug|Any CPU.ActiveCfg = Debug|Any CPU
		{C399FC37-65C6-4803-869D-984F6AA000B1}.Debug|Any CPU.Build.0 = Debug|Any CPU
		{C399FC37-65C6-4803-869D-984F6AA000B1}.Release|Any CPU.ActiveCfg = Release|Any CPU
		{C399FC37-65C6-4803-869D-984F6AA000B1}.Release|Any CPU.Build.0 = Release|Any CPU
		{DB55396B-D48C-4044-8A10-839B07E262F5}.Debug|Any CPU.ActiveCfg = Debug|Any CPU
		{DB55396B-D48C-4044-8A10-839B07E262F5}.Debug|Any CPU.Build.0 = Debug|Any CPU
		{DB55396B-D48C-4044-8A10-839B07E262F5}.Release|Any CPU.ActiveCfg = Release|Any CPU
		{DB55396B-D48C-4044-8A10-839B07E262F5}.Release|Any CPU.Build.0 = Release|Any CPU
		{2D2A93B8-9E58-4043-AB31-5CE2F31B6472}.Debug|Any CPU.ActiveCfg = Debug|Any CPU
		{2D2A93B8-9E58-4043-AB31-5CE2F31B6472}.Debug|Any CPU.Build.0 = Debug|Any CPU
		{2D2A93B8-9E58-4043-AB31-5CE2F31B6472}.Release|Any CPU.ActiveCfg = Release|Any CPU
		{2D2A93B8-9E58-4043-AB31-5CE2F31B6472}.Release|Any CPU.Build.0 = Release|Any CPU
		{193FFB12-76B1-49F9-9720-B365099364F0}.Debug|Any CPU.ActiveCfg = Debug|Any CPU
		{193FFB12-76B1-49F9-9720-B365099364F0}.Debug|Any CPU.Build.0 = Debug|Any CPU
		{193FFB12-76B1-49F9-9720-B365099364F0}.Release|Any CPU.ActiveCfg = Release|Any CPU
		{193FFB12-76B1-49F9-9720-B365099364F0}.Release|Any CPU.Build.0 = Release|Any CPU
		{1F2E48A1-BE5E-4D4C-8AF6-96C75538A468}.Debug|Any CPU.ActiveCfg = Debug|Any CPU
		{1F2E48A1-BE5E-4D4C-8AF6-96C75538A468}.Debug|Any CPU.Build.0 = Debug|Any CPU
		{1F2E48A1-BE5E-4D4C-8AF6-96C75538A468}.Release|Any CPU.ActiveCfg = Release|Any CPU
		{1F2E48A1-BE5E-4D4C-8AF6-96C75538A468}.Release|Any CPU.Build.0 = Release|Any CPU
		{22BCAB79-DD0C-4F1D-BB72-267AC0285DBD}.Debug|Any CPU.ActiveCfg = Debug|Any CPU
		{22BCAB79-DD0C-4F1D-BB72-267AC0285DBD}.Debug|Any CPU.Build.0 = Debug|Any CPU
		{22BCAB79-DD0C-4F1D-BB72-267AC0285DBD}.Release|Any CPU.ActiveCfg = Release|Any CPU
		{22BCAB79-DD0C-4F1D-BB72-267AC0285DBD}.Release|Any CPU.Build.0 = Release|Any CPU
		{1EAD8BA8-7530-4BFA-A645-EFEA13EEAEDD}.Debug|Any CPU.ActiveCfg = Debug|Any CPU
		{1EAD8BA8-7530-4BFA-A645-EFEA13EEAEDD}.Debug|Any CPU.Build.0 = Debug|Any CPU
		{1EAD8BA8-7530-4BFA-A645-EFEA13EEAEDD}.Release|Any CPU.ActiveCfg = Release|Any CPU
		{1EAD8BA8-7530-4BFA-A645-EFEA13EEAEDD}.Release|Any CPU.Build.0 = Release|Any CPU
		{41B9A3A4-C39B-4F53-91A3-22344A386532}.Debug|Any CPU.ActiveCfg = Debug|Any CPU
		{41B9A3A4-C39B-4F53-91A3-22344A386532}.Debug|Any CPU.Build.0 = Debug|Any CPU
		{41B9A3A4-C39B-4F53-91A3-22344A386532}.Release|Any CPU.ActiveCfg = Release|Any CPU
		{41B9A3A4-C39B-4F53-91A3-22344A386532}.Release|Any CPU.Build.0 = Release|Any CPU
		{1EC1D8B2-A204-475E-B73F-9646283140C4}.Debug|Any CPU.ActiveCfg = Debug|Any CPU
		{1EC1D8B2-A204-475E-B73F-9646283140C4}.Debug|Any CPU.Build.0 = Debug|Any CPU
		{1EC1D8B2-A204-475E-B73F-9646283140C4}.Release|Any CPU.ActiveCfg = Release|Any CPU
		{1EC1D8B2-A204-475E-B73F-9646283140C4}.Release|Any CPU.Build.0 = Release|Any CPU
	EndGlobalSection
EndGlobal
