
Microsoft Visual Studio Solution File, Format Version 12.00
Project("{2150E333-8FDC-42A3-9474-1A3956D46DE8}") = "Solution Items", "Solution Items", "{541A9541-B105-4C41-B8AE-5C5DCC35E12F}"
	ProjectSection(SolutionItems) = preProject
		Directory.Build.props = Directory.Build.props
	EndProjectSection
EndProject
Project("{2150E333-8FDC-42A3-9474-1A3956D46DE8}") = "src", "src", "{0508B992-D617-411B-A9F0-936D6F4E999A}"
EndProject
Project("{2150E333-8FDC-42A3-9474-1A3956D46DE8}") = "Tests", "Tests", "{07957A7C-A3DE-41D2-B159-9409FCE37C65}"
EndProject
Project("{FAE04EC0-301F-11D3-BF4B-00C04F79EFBC}") = "AdventOfCode.One", "src\AdventOfCode.One\AdventOfCode.One.csproj", "{B680D31B-8796-4F75-8970-107F58AFCA0F}"
EndProject
Project("{FAE04EC0-301F-11D3-BF4B-00C04F79EFBC}") = "AdventOfCode.One.Tests.Unit", "Tests\AdventOfCode.One.Tests.Unit\AdventOfCode.One.Tests.Unit.csproj", "{79DD9EE0-DD0C-4BDE-8FDB-A75364706628}"
EndProject
Project("{FAE04EC0-301F-11D3-BF4B-00C04F79EFBC}") = "AdventOfCode.Two", "src\AdventOfCode.Two\AdventOfCode.Two.csproj", "{094BCE27-B7BF-4CCF-8796-E0FDD6383650}"
EndProject
Project("{FAE04EC0-301F-11D3-BF4B-00C04F79EFBC}") = "AdventOfCode.Two.Tests.Unit", "Tests\AdventOfCode.Two.Tests.Unit\AdventOfCode.Two.Tests.Unit.csproj", "{C399FC37-65C6-4803-869D-984F6AA000B1}"
EndProject
Project("{FAE04EC0-301F-11D3-BF4B-00C04F79EFBC}") = "AdventOfCode.Domain", "src\AdventOfCode.Domain\AdventOfCode.Domain.csproj", "{DB55396B-D48C-4044-8A10-839B07E262F5}"
EndProject
Global
	GlobalSection(SolutionConfigurationPlatforms) = preSolution
		Debug|Any CPU = Debug|Any CPU
		Release|Any CPU = Release|Any CPU
	EndGlobalSection
	GlobalSection(NestedProjects) = preSolution
		{B680D31B-8796-4F75-8970-107F58AFCA0F} = {0508B992-D617-411B-A9F0-936D6F4E999A}
		{79DD9EE0-DD0C-4BDE-8FDB-A75364706628} = {07957A7C-A3DE-41D2-B159-9409FCE37C65}
		{094BCE27-B7BF-4CCF-8796-E0FDD6383650} = {0508B992-D617-411B-A9F0-936D6F4E999A}
		{C399FC37-65C6-4803-869D-984F6AA000B1} = {07957A7C-A3DE-41D2-B159-9409FCE37C65}
		{DB55396B-D48C-4044-8A10-839B07E262F5} = {0508B992-D617-411B-A9F0-936D6F4E999A}
	EndGlobalSection
	GlobalSection(ProjectConfigurationPlatforms) = postSolution
		{B680D31B-8796-4F75-8970-107F58AFCA0F}.Debug|Any CPU.ActiveCfg = Debug|Any CPU
		{B680D31B-8796-4F75-8970-107F58AFCA0F}.Debug|Any CPU.Build.0 = Debug|Any CPU
		{B680D31B-8796-4F75-8970-107F58AFCA0F}.Release|Any CPU.ActiveCfg = Release|Any CPU
		{B680D31B-8796-4F75-8970-107F58AFCA0F}.Release|Any CPU.Build.0 = Release|Any CPU
		{79DD9EE0-DD0C-4BDE-8FDB-A75364706628}.Debug|Any CPU.ActiveCfg = Debug|Any CPU
		{79DD9EE0-DD0C-4BDE-8FDB-A75364706628}.Debug|Any CPU.Build.0 = Debug|Any CPU
		{79DD9EE0-DD0C-4BDE-8FDB-A75364706628}.Release|Any CPU.ActiveCfg = Release|Any CPU
		{79DD9EE0-DD0C-4BDE-8FDB-A75364706628}.Release|Any CPU.Build.0 = Release|Any CPU
		{094BCE27-B7BF-4CCF-8796-E0FDD6383650}.Debug|Any CPU.ActiveCfg = Debug|Any CPU
		{094BCE27-B7BF-4CCF-8796-E0FDD6383650}.Debug|Any CPU.Build.0 = Debug|Any CPU
		{094BCE27-B7BF-4CCF-8796-E0FDD6383650}.Release|Any CPU.ActiveCfg = Release|Any CPU
		{094BCE27-B7BF-4CCF-8796-E0FDD6383650}.Release|Any CPU.Build.0 = Release|Any CPU
		{C399FC37-65C6-4803-869D-984F6AA000B1}.Debug|Any CPU.ActiveCfg = Debug|Any CPU
		{C399FC37-65C6-4803-869D-984F6AA000B1}.Debug|Any CPU.Build.0 = Debug|Any CPU
		{C399FC37-65C6-4803-869D-984F6AA000B1}.Release|Any CPU.ActiveCfg = Release|Any CPU
		{C399FC37-65C6-4803-869D-984F6AA000B1}.Release|Any CPU.Build.0 = Release|Any CPU
		{DB55396B-D48C-4044-8A10-839B07E262F5}.Debug|Any CPU.ActiveCfg = Debug|Any CPU
		{DB55396B-D48C-4044-8A10-839B07E262F5}.Debug|Any CPU.Build.0 = Debug|Any CPU
		{DB55396B-D48C-4044-8A10-839B07E262F5}.Release|Any CPU.ActiveCfg = Release|Any CPU
		{DB55396B-D48C-4044-8A10-839B07E262F5}.Release|Any CPU.Build.0 = Release|Any CPU
	EndGlobalSection
EndGlobal
